// !$*UTF8*$!
{
	archiveVersion = 1;
	classes = {
	};
	objectVersion = 50;
	objects = {

/* Begin PBXBuildFile section */
		EB7881E521BE033F00923AE4 /* AppDelegate.swift in Sources */ = {isa = PBXBuildFile; fileRef = EB7881E421BE033F00923AE4 /* AppDelegate.swift */; };
		EB7881E721BE033F00923AE4 /* ViewController.swift in Sources */ = {isa = PBXBuildFile; fileRef = EB7881E621BE033F00923AE4 /* ViewController.swift */; };
		EB7881EA21BE033F00923AE4 /* Main.storyboard in Resources */ = {isa = PBXBuildFile; fileRef = EB7881E821BE033F00923AE4 /* Main.storyboard */; };
		EB7881EC21BE034000923AE4 /* Assets.xcassets in Resources */ = {isa = PBXBuildFile; fileRef = EB7881EB21BE034000923AE4 /* Assets.xcassets */; };
		EB7881EF21BE034000923AE4 /* LaunchScreen.storyboard in Resources */ = {isa = PBXBuildFile; fileRef = EB7881ED21BE034000923AE4 /* LaunchScreen.storyboard */; };
		EB7881FE21BE0C2500923AE4 /* hello-zig-ios-universal.a in Frameworks */ = {isa = PBXBuildFile; fileRef = EB7881FD21BE0C2500923AE4 /* hello-zig-ios-universal.a */; };
/* End PBXBuildFile section */

/* Begin PBXFileReference section */
		EB12E8C1225D90E100431565 /* hello-zig-ios-x86_64.h */ = {isa = PBXFileReference; fileEncoding = 4; lastKnownFileType = sourcecode.c.h; name = "hello-zig-ios-x86_64.h"; path = "../../hello-zig-ios-x86_64.h"; sourceTree = "<group>"; };
		EB7881E121BE033F00923AE4 /* Hello Zig.app */ = {isa = PBXFileReference; explicitFileType = wrapper.application; includeInIndex = 0; path = "Hello Zig.app"; sourceTree = BUILT_PRODUCTS_DIR; };
		EB7881E421BE033F00923AE4 /* AppDelegate.swift */ = {isa = PBXFileReference; lastKnownFileType = sourcecode.swift; path = AppDelegate.swift; sourceTree = "<group>"; };
		EB7881E621BE033F00923AE4 /* ViewController.swift */ = {isa = PBXFileReference; lastKnownFileType = sourcecode.swift; path = ViewController.swift; sourceTree = "<group>"; };
		EB7881E921BE033F00923AE4 /* Base */ = {isa = PBXFileReference; lastKnownFileType = file.storyboard; name = Base; path = Base.lproj/Main.storyboard; sourceTree = "<group>"; };
		EB7881EB21BE034000923AE4 /* Assets.xcassets */ = {isa = PBXFileReference; lastKnownFileType = folder.assetcatalog; path = Assets.xcassets; sourceTree = "<group>"; };
		EB7881EE21BE034000923AE4 /* Base */ = {isa = PBXFileReference; lastKnownFileType = file.storyboard; name = Base; path = Base.lproj/LaunchScreen.storyboard; sourceTree = "<group>"; };
		EB7881F021BE034000923AE4 /* Info.plist */ = {isa = PBXFileReference; lastKnownFileType = text.plist.xml; path = Info.plist; sourceTree = "<group>"; };
		EB7881FA21BE08C300923AE4 /* Hello Zig-Bridging-Header.h */ = {isa = PBXFileReference; lastKnownFileType = sourcecode.c.h; path = "Hello Zig-Bridging-Header.h"; sourceTree = "<group>"; };
		EB7881FD21BE0C2500923AE4 /* hello-zig-ios-universal.a */ = {isa = PBXFileReference; lastKnownFileType = archive.ar; name = "hello-zig-ios-universal.a"; path = "../hello-zig-ios-universal.a"; sourceTree = "<group>"; };
/* End PBXFileReference section */

/* Begin PBXFrameworksBuildPhase section */
		EB7881DE21BE033F00923AE4 /* Frameworks */ = {
			isa = PBXFrameworksBuildPhase;
			buildActionMask = 2147483647;
			files = (
				EB7881FE21BE0C2500923AE4 /* hello-zig-ios-universal.a in Frameworks */,
			);
			runOnlyForDeploymentPostprocessing = 0;
		};
/* End PBXFrameworksBuildPhase section */

/* Begin PBXGroup section */
		EB7881D821BE033F00923AE4 = {
			isa = PBXGroup;
			children = (
				EB7881E321BE033F00923AE4 /* Hello Zig */,
				EB7881E221BE033F00923AE4 /* Products */,
				EB7881F721BE079600923AE4 /* Frameworks */,
			);
			sourceTree = "<group>";
		};
		EB7881E221BE033F00923AE4 /* Products */ = {
			isa = PBXGroup;
			children = (
				EB7881E121BE033F00923AE4 /* Hello Zig.app */,
			);
			name = Products;
			sourceTree = "<group>";
		};
		EB7881E321BE033F00923AE4 /* Hello Zig */ = {
			isa = PBXGroup;
			children = (
				EB12E8C1225D90E100431565 /* hello-zig-ios-x86_64.h */,
				EB7881E421BE033F00923AE4 /* AppDelegate.swift */,
				EB7881E621BE033F00923AE4 /* ViewController.swift */,
				EB7881E821BE033F00923AE4 /* Main.storyboard */,
				EB7881EB21BE034000923AE4 /* Assets.xcassets */,
				EB7881ED21BE034000923AE4 /* LaunchScreen.storyboard */,
				EB7881F021BE034000923AE4 /* Info.plist */,
				EB7881FA21BE08C300923AE4 /* Hello Zig-Bridging-Header.h */,
			);
			path = "Hello Zig";
			sourceTree = "<group>";
		};
		EB7881F721BE079600923AE4 /* Frameworks */ = {
			isa = PBXGroup;
			children = (
				EB7881FD21BE0C2500923AE4 /* hello-zig-ios-universal.a */,
			);
			name = Frameworks;
			sourceTree = "<group>";
		};
/* End PBXGroup section */

/* Begin PBXNativeTarget section */
		EB7881E021BE033F00923AE4 /* Hello Zig */ = {
			isa = PBXNativeTarget;
			buildConfigurationList = EB7881F321BE034000923AE4 /* Build configuration list for PBXNativeTarget "Hello Zig" */;
			buildPhases = (
				EB7881DD21BE033F00923AE4 /* Sources */,
				EB7881DE21BE033F00923AE4 /* Frameworks */,
				EB7881DF21BE033F00923AE4 /* Resources */,
			);
			buildRules = (
			);
			dependencies = (
			);
			name = "Hello Zig";
			productName = "Hello Zig";
			productReference = EB7881E121BE033F00923AE4 /* Hello Zig.app */;
			productType = "com.apple.product-type.application";
		};
/* End PBXNativeTarget section */

/* Begin PBXProject section */
		EB7881D921BE033F00923AE4 /* Project object */ = {
			isa = PBXProject;
			attributes = {
				LastSwiftUpdateCheck = 1010;
				LastUpgradeCheck = 1010;
				ORGANIZATIONNAME = "Matthew Iannucci";
				TargetAttributes = {
					EB7881E021BE033F00923AE4 = {
						CreatedOnToolsVersion = 10.1;
						LastSwiftMigration = 1010;
					};
				};
			};
			buildConfigurationList = EB7881DC21BE033F00923AE4 /* Build configuration list for PBXProject "Hello Zig" */;
			compatibilityVersion = "Xcode 9.3";
			developmentRegion = en;
			hasScannedForEncodings = 0;
			knownRegions = (
				en,
				Base,
			);
			mainGroup = EB7881D821BE033F00923AE4;
			productRefGroup = EB7881E221BE033F00923AE4 /* Products */;
			projectDirPath = "";
			projectRoot = "";
			targets = (
				EB7881E021BE033F00923AE4 /* Hello Zig */,
			);
		};
/* End PBXProject section */

/* Begin PBXResourcesBuildPhase section */
		EB7881DF21BE033F00923AE4 /* Resources */ = {
			isa = PBXResourcesBuildPhase;
			buildActionMask = 2147483647;
			files = (
				EB7881EF21BE034000923AE4 /* LaunchScreen.storyboard in Resources */,
				EB7881EC21BE034000923AE4 /* Assets.xcassets in Resources */,
				EB7881EA21BE033F00923AE4 /* Main.storyboard in Resources */,
			);
			runOnlyForDeploymentPostprocessing = 0;
		};
/* End PBXResourcesBuildPhase section */

/* Begin PBXSourcesBuildPhase section */
		EB7881DD21BE033F00923AE4 /* Sources */ = {
			isa = PBXSourcesBuildPhase;
			buildActionMask = 2147483647;
			files = (
				EB7881E721BE033F00923AE4 /* ViewController.swift in Sources */,
				EB7881E521BE033F00923AE4 /* AppDelegate.swift in Sources */,
			);
			runOnlyForDeploymentPostprocessing = 0;
		};
/* End PBXSourcesBuildPhase section */

/* Begin PBXVariantGroup section */
		EB7881E821BE033F00923AE4 /* Main.storyboard */ = {
			isa = PBXVariantGroup;
			children = (
				EB7881E921BE033F00923AE4 /* Base */,
			);
			name = Main.storyboard;
			sourceTree = "<group>";
		};
		EB7881ED21BE034000923AE4 /* LaunchScreen.storyboard */ = {
			isa = PBXVariantGroup;
			children = (
				EB7881EE21BE034000923AE4 /* Base */,
			);
			name = LaunchScreen.storyboard;
			sourceTree = "<group>";
		};
/* End PBXVariantGroup section */

/* Begin XCBuildConfiguration section */
		EB7881F121BE034000923AE4 /* Debug */ = {
			isa = XCBuildConfiguration;
			buildSettings = {
				ALWAYS_SEARCH_USER_PATHS = NO;
				CLANG_ANALYZER_NONNULL = YES;
				CLANG_ANALYZER_NUMBER_OBJECT_CONVERSION = YES_AGGRESSIVE;
				CLANG_CXX_LANGUAGE_STANDARD = "gnu++14";
				CLANG_CXX_LIBRARY = "libc++";
				CLANG_ENABLE_MODULES = YES;
				CLANG_ENABLE_OBJC_ARC = YES;
				CLANG_ENABLE_OBJC_WEAK = YES;
				CLANG_WARN_BLOCK_CAPTURE_AUTORELEASING = YES;
				CLANG_WARN_BOOL_CONVERSION = YES;
				CLANG_WARN_COMMA = YES;
				CLANG_WARN_CONSTANT_CONVERSION = YES;
				CLANG_WARN_DEPRECATED_OBJC_IMPLEMENTATIONS = YES;
				CLANG_WARN_DIRECT_OBJC_ISA_USAGE = YES_ERROR;
				CLANG_WARN_DOCUMENTATION_COMMENTS = YES;
				CLANG_WARN_EMPTY_BODY = YES;
				CLANG_WARN_ENUM_CONVERSION = YES;
				CLANG_WARN_INFINITE_RECURSION = YES;
				CLANG_WARN_INT_CONVERSION = YES;
				CLANG_WARN_NON_LITERAL_NULL_CONVERSION = YES;
				CLANG_WARN_OBJC_IMPLICIT_RETAIN_SELF = YES;
				CLANG_WARN_OBJC_LITERAL_CONVERSION = YES;
				CLANG_WARN_OBJC_ROOT_CLASS = YES_ERROR;
				CLANG_WARN_RANGE_LOOP_ANALYSIS = YES;
				CLANG_WARN_STRICT_PROTOTYPES = YES;
				CLANG_WARN_SUSPICIOUS_MOVE = YES;
				CLANG_WARN_UNGUARDED_AVAILABILITY = YES_AGGRESSIVE;
				CLANG_WARN_UNREACHABLE_CODE = YES;
				CLANG_WARN__DUPLICATE_METHOD_MATCH = YES;
				CODE_SIGN_IDENTITY = "iPhone Developer";
				COPY_PHASE_STRIP = NO;
				DEBUG_INFORMATION_FORMAT = dwarf;
				ENABLE_STRICT_OBJC_MSGSEND = YES;
				ENABLE_TESTABILITY = YES;
				GCC_C_LANGUAGE_STANDARD = gnu11;
				GCC_DYNAMIC_NO_PIC = NO;
				GCC_NO_COMMON_BLOCKS = YES;
				GCC_OPTIMIZATION_LEVEL = 0;
				GCC_PREPROCESSOR_DEFINITIONS = (
					"DEBUG=1",
					"$(inherited)",
				);
				GCC_WARN_64_TO_32_BIT_CONVERSION = YES;
				GCC_WARN_ABOUT_RETURN_TYPE = YES_ERROR;
				GCC_WARN_UNDECLARED_SELECTOR = YES;
				GCC_WARN_UNINITIALIZED_AUTOS = YES_AGGRESSIVE;
				GCC_WARN_UNUSED_FUNCTION = YES;
				GCC_WARN_UNUSED_VARIABLE = YES;
				IPHONEOS_DEPLOYMENT_TARGET = 12.1;
				MTL_ENABLE_DEBUG_INFO = INCLUDE_SOURCE;
				MTL_FAST_MATH = YES;
				ONLY_ACTIVE_ARCH = YES;
				SDKROOT = iphoneos;
				SWIFT_ACTIVE_COMPILATION_CONDITIONS = DEBUG;
				SWIFT_OPTIMIZATION_LEVEL = "-Onone";
			};
			name = Debug;
		};
		EB7881F221BE034000923AE4 /* Release */ = {
			isa = XCBuildConfiguration;
			buildSettings = {
				ALWAYS_SEARCH_USER_PATHS = NO;
				CLANG_ANALYZER_NONNULL = YES;
				CLANG_ANALYZER_NUMBER_OBJECT_CONVERSION = YES_AGGRESSIVE;
				CLANG_CXX_LANGUAGE_STANDARD = "gnu++14";
				CLANG_CXX_LIBRARY = "libc++";
				CLANG_ENABLE_MODULES = YES;
				CLANG_ENABLE_OBJC_ARC = YES;
				CLANG_ENABLE_OBJC_WEAK = YES;
				CLANG_WARN_BLOCK_CAPTURE_AUTORELEASING = YES;
				CLANG_WARN_BOOL_CONVERSION = YES;
				CLANG_WARN_COMMA = YES;
				CLANG_WARN_CONSTANT_CONVERSION = YES;
				CLANG_WARN_DEPRECATED_OBJC_IMPLEMENTATIONS = YES;
				CLANG_WARN_DIRECT_OBJC_ISA_USAGE = YES_ERROR;
				CLANG_WARN_DOCUMENTATION_COMMENTS = YES;
				CLANG_WARN_EMPTY_BODY = YES;
				CLANG_WARN_ENUM_CONVERSION = YES;
				CLANG_WARN_INFINITE_RECURSION = YES;
				CLANG_WARN_INT_CONVERSION = YES;
				CLANG_WARN_NON_LITERAL_NULL_CONVERSION = YES;
				CLANG_WARN_OBJC_IMPLICIT_RETAIN_SELF = YES;
				CLANG_WARN_OBJC_LITERAL_CONVERSION = YES;
				CLANG_WARN_OBJC_ROOT_CLASS = YES_ERROR;
				CLANG_WARN_RANGE_LOOP_ANALYSIS = YES;
				CLANG_WARN_STRICT_PROTOTYPES = YES;
				CLANG_WARN_SUSPICIOUS_MOVE = YES;
				CLANG_WARN_UNGUARDED_AVAILABILITY = YES_AGGRESSIVE;
				CLANG_WARN_UNREACHABLE_CODE = YES;
				CLANG_WARN__DUPLICATE_METHOD_MATCH = YES;
				CODE_SIGN_IDENTITY = "iPhone Developer";
				COPY_PHASE_STRIP = NO;
				DEBUG_INFORMATION_FORMAT = "dwarf-with-dsym";
				ENABLE_NS_ASSERTIONS = NO;
				ENABLE_STRICT_OBJC_MSGSEND = YES;
				GCC_C_LANGUAGE_STANDARD = gnu11;
				GCC_NO_COMMON_BLOCKS = YES;
				GCC_WARN_64_TO_32_BIT_CONVERSION = YES;
				GCC_WARN_ABOUT_RETURN_TYPE = YES_ERROR;
				GCC_WARN_UNDECLARED_SELECTOR = YES;
				GCC_WARN_UNINITIALIZED_AUTOS = YES_AGGRESSIVE;
				GCC_WARN_UNUSED_FUNCTION = YES;
				GCC_WARN_UNUSED_VARIABLE = YES;
				IPHONEOS_DEPLOYMENT_TARGET = 12.1;
				MTL_ENABLE_DEBUG_INFO = NO;
				MTL_FAST_MATH = YES;
				SDKROOT = iphoneos;
				SWIFT_COMPILATION_MODE = wholemodule;
				SWIFT_OPTIMIZATION_LEVEL = "-O";
				VALIDATE_PRODUCT = YES;
			};
			name = Release;
		};
		EB7881F421BE034000923AE4 /* Debug */ = {
			isa = XCBuildConfiguration;
			buildSettings = {
				ASSETCATALOG_COMPILER_APPICON_NAME = AppIcon;
				CLANG_ENABLE_MODULES = YES;
				CODE_SIGN_STYLE = Automatic;
				INFOPLIST_FILE = "Hello Zig/Info.plist";
				LD_RUNPATH_SEARCH_PATHS = (
					"$(inherited)",
					"@executable_path/Frameworks",
				);
				PRODUCT_BUNDLE_IDENTIFIER = "com.mpiannucci.Hello-Zig";
				PRODUCT_NAME = "$(TARGET_NAME)";
				SWIFT_OBJC_BRIDGING_HEADER = "Hello Zig/Hello Zig-Bridging-Header.h";
				SWIFT_OPTIMIZATION_LEVEL = "-Onone";
				SWIFT_VERSION = 4.2;
				TARGETED_DEVICE_FAMILY = "1,2";
			};
			name = Debug;
		};
		EB7881F521BE034000923AE4 /* Release */ = {
			isa = XCBuildConfiguration;
			buildSettings = {
				ASSETCATALOG_COMPILER_APPICON_NAME = AppIcon;
				CLANG_ENABLE_MODULES = YES;
				CODE_SIGN_STYLE = Automatic;
				INFOPLIST_FILE = "Hello Zig/Info.plist";
				LD_RUNPATH_SEARCH_PATHS = (
					"$(inherited)",
					"@executable_path/Frameworks",
				);
				PRODUCT_BUNDLE_IDENTIFIER = "com.mpiannucci.Hello-Zig";
				PRODUCT_NAME = "$(TARGET_NAME)";
				SWIFT_OBJC_BRIDGING_HEADER = "Hello Zig/Hello Zig-Bridging-Header.h";
				SWIFT_VERSION = 4.2;
				TARGETED_DEVICE_FAMILY = "1,2";
			};
			name = Release;
		};
/* End XCBuildConfiguration section */

/* Begin XCConfigurationList section */
		EB7881DC21BE033F00923AE4 /* Build configuration list for PBXProject "Hello Zig" */ = {
			isa = XCConfigurationList;
			buildConfigurations = (
				EB7881F121BE034000923AE4 /* Debug */,
				EB7881F221BE034000923AE4 /* Release */,
			);
			defaultConfigurationIsVisible = 0;
			defaultConfigurationName = Release;
		};
		EB7881F321BE034000923AE4 /* Build configuration list for PBXNativeTarget "Hello Zig" */ = {
			isa = XCConfigurationList;
			buildConfigurations = (
				EB7881F421BE034000923AE4 /* Debug */,
				EB7881F521BE034000923AE4 /* Release */,
			);
			defaultConfigurationIsVisible = 0;
			defaultConfigurationName = Release;
		};
/* End XCConfigurationList section */
	};
	rootObject = EB7881D921BE033F00923AE4 /* Project object */;
}
